
Microsoft Visual Studio Solution File, Format Version 11.00
# Visual Studio 2010
Project("{FAE04EC0-301F-11D3-BF4B-00C04F79EFBC}") = "Assembly-CSharp", "Assembly-CSharp.csproj", "{f75aad79-0c8b-6a8e-a15a-cbedefc50a4e}"
EndProject
Project("{FAE04EC0-301F-11D3-BF4B-00C04F79EFBC}") = "Assembly-CSharp-firstpass", "Assembly-CSharp-firstpass.csproj", "{e3aa6e72-2c2c-1b83-8dad-192ec4e512e1}"
EndProject
Project("{FAE04EC0-301F-11D3-BF4B-00C04F79EFBC}") = "Assembly-CSharp-Editor", "Assembly-CSharp-Editor.csproj", "{74f9e025-6d7a-8b64-5f0b-22e9ba0c3507}"
EndProject
Global
	GlobalSection(SolutionConfigurationPlatforms) = preSolution
		Debug|Any CPU = Debug|Any CPU
	EndGlobalSection
	GlobalSection(ProjectConfigurationPlatforms) = postSolution
		{f75aad79-0c8b-6a8e-a15a-cbedefc50a4e}.Debug|Any CPU.ActiveCfg = Debug|Any CPU
		{f75aad79-0c8b-6a8e-a15a-cbedefc50a4e}.Debug|Any CPU.Build.0 = Debug|Any CPU
		{e3aa6e72-2c2c-1b83-8dad-192ec4e512e1}.Debug|Any CPU.ActiveCfg = Debug|Any CPU
		{e3aa6e72-2c2c-1b83-8dad-192ec4e512e1}.Debug|Any CPU.Build.0 = Debug|Any CPU
		{74f9e025-6d7a-8b64-5f0b-22e9ba0c3507}.Debug|Any CPU.ActiveCfg = Debug|Any CPU
		{74f9e025-6d7a-8b64-5f0b-22e9ba0c3507}.Debug|Any CPU.Build.0 = Debug|Any CPU
	EndGlobalSection
	GlobalSection(SolutionProperties) = preSolution
		HideSolutionNode = FALSE
	EndGlobalSection
EndGlobal
